
Microsoft Visual Studio Solution File, Format Version 12.00
# Visual Studio Version 17
VisualStudioVersion = 17.4.33110.190
MinimumVisualStudioVersion = 10.0.40219.1
Project("{2150E333-8FDC-42A3-9474-1A3956D46DE8}") = "Services", "Services", "{8200DD8C-CE7C-4EFE-8927-72BE45A070A2}"
EndProject
Project("{2150E333-8FDC-42A3-9474-1A3956D46DE8}") = "Courses", "Courses", "{5B77127F-DC0C-4EAC-B7F7-F8984B662963}"
EndProject
Project("{9A19103F-16F7-4668-BE54-9A1E7A4F7556}") = "Courses.API", "Services\Courses\Courses.API\Courses.API.csproj", "{1872D786-A9DB-4096-AD84-9E685CB0A708}"
EndProject
Global
	GlobalSection(SolutionConfigurationPlatforms) = preSolution
		Debug|Any CPU = Debug|Any CPU
		Release|Any CPU = Release|Any CPU
	EndGlobalSection
	GlobalSection(ProjectConfigurationPlatforms) = postSolution
		{1872D786-A9DB-4096-AD84-9E685CB0A708}.Debug|Any CPU.ActiveCfg = Debug|Any CPU
		{1872D786-A9DB-4096-AD84-9E685CB0A708}.Debug|Any CPU.Build.0 = Debug|Any CPU
		{1872D786-A9DB-4096-AD84-9E685CB0A708}.Release|Any CPU.ActiveCfg = Release|Any CPU
		{1872D786-A9DB-4096-AD84-9E685CB0A708}.Release|Any CPU.Build.0 = Release|Any CPU
	EndGlobalSection
	GlobalSection(SolutionProperties) = preSolution
		HideSolutionNode = FALSE
	EndGlobalSection
	GlobalSection(NestedProjects) = preSolution
		{5B77127F-DC0C-4EAC-B7F7-F8984B662963} = {8200DD8C-CE7C-4EFE-8927-72BE45A070A2}
		{1872D786-A9DB-4096-AD84-9E685CB0A708} = {5B77127F-DC0C-4EAC-B7F7-F8984B662963}
	EndGlobalSection
	GlobalSection(ExtensibilityGlobals) = postSolution
		SolutionGuid = {8B3500F7-5E0C-41D1-995F-0CA002361FAE}
	EndGlobalSection
EndGlobal
